
Microsoft Visual Studio Solution File, Format Version 12.00
# Visual Studio 15
VisualStudioVersion = 15.0.28307.168
MinimumVisualStudioVersion = 10.0.40219.1
Project("{9A19103F-16F7-4668-BE54-9A1E7A4F7556}") = "HealthChecker", "HealthChecker\HealthChecker.csproj", "{4E3BE7FD-4BB3-4F0C-AC0C-51121F5529A6}"
EndProject
Project("{FAE04EC0-301F-11D3-BF4B-00C04F79EFBC}") = "HealthCheckerTest", "HealthCheckerTest\HealthCheckerTest.csproj", "{50E75DF9-133F-42C7-8921-3F498CD7760A}"
EndProject
Global
	GlobalSection(SolutionConfigurationPlatforms) = preSolution
		Debug|Any CPU = Debug|Any CPU
		Release|Any CPU = Release|Any CPU
	EndGlobalSection
	GlobalSection(ProjectConfigurationPlatforms) = postSolution
		{4E3BE7FD-4BB3-4F0C-AC0C-51121F5529A6}.Debug|Any CPU.ActiveCfg = Debug|Any CPU
		{4E3BE7FD-4BB3-4F0C-AC0C-51121F5529A6}.Debug|Any CPU.Build.0 = Debug|Any CPU
		{4E3BE7FD-4BB3-4F0C-AC0C-51121F5529A6}.Release|Any CPU.ActiveCfg = Release|Any CPU
		{4E3BE7FD-4BB3-4F0C-AC0C-51121F5529A6}.Release|Any CPU.Build.0 = Release|Any CPU
		{50E75DF9-133F-42C7-8921-3F498CD7760A}.Debug|Any CPU.ActiveCfg = Debug|Any CPU
		{50E75DF9-133F-42C7-8921-3F498CD7760A}.Debug|Any CPU.Build.0 = Debug|Any CPU
		{50E75DF9-133F-42C7-8921-3F498CD7760A}.Release|Any CPU.ActiveCfg = Release|Any CPU
		{50E75DF9-133F-42C7-8921-3F498CD7760A}.Release|Any CPU.Build.0 = Release|Any CPU
	EndGlobalSection
	GlobalSection(SolutionProperties) = preSolution
		HideSolutionNode = FALSE
	EndGlobalSection
	GlobalSection(ExtensibilityGlobals) = postSolution
		SolutionGuid = {6C47B6A8-43F3-4DE3-AD15-0E1941831EAA}
	EndGlobalSection
EndGlobal
